
Microsoft Visual Studio Solution File, Format Version 12.00
# Visual Studio Version 17
VisualStudioVersion = 17.14.36414.22 d17.14
MinimumVisualStudioVersion = 10.0.40219.1
Project("{FAE04EC0-301F-11D3-BF4B-00C04F79EFBC}") = "WPFAndMVVM1", "WPFAndMVVM1\WPFAndMVVM1.csproj", "{34ECB0D8-91FC-4E8C-9A0B-95963FBDBB79}"
EndProject
Global
	GlobalSection(SolutionConfigurationPlatforms) = preSolution
		Debug|Any CPU = Debug|Any CPU
		Release|Any CPU = Release|Any CPU
	EndGlobalSection
	GlobalSection(ProjectConfigurationPlatforms) = postSolution
		{34ECB0D8-91FC-4E8C-9A0B-95963FBDBB79}.Debug|Any CPU.ActiveCfg = Debug|Any CPU
		{34ECB0D8-91FC-4E8C-9A0B-95963FBDBB79}.Debug|Any CPU.Build.0 = Debug|Any CPU
		{34ECB0D8-91FC-4E8C-9A0B-95963FBDBB79}.Release|Any CPU.ActiveCfg = Release|Any CPU
		{34ECB0D8-91FC-4E8C-9A0B-95963FBDBB79}.Release|Any CPU.Build.0 = Release|Any CPU
	EndGlobalSection
	GlobalSection(SolutionProperties) = preSolution
		HideSolutionNode = FALSE
	EndGlobalSection
	GlobalSection(ExtensibilityGlobals) = postSolution
		SolutionGuid = {DFA2FF1B-E539-4212-8971-DC3A7C9FD81F}
	EndGlobalSection
EndGlobal
